
Microsoft Visual Studio Solution File, Format Version 12.00
# Visual Studio Version 17
VisualStudioVersion = 17.0.31903.59
MinimumVisualStudioVersion = 10.0.40219.1
Project("{2150E333-8FDC-42A3-9474-1A3956D46DE8}") = "src", "src", "{F8710728-6287-4F33-B89C-8CE61A348E5B}"
EndProject
Project("{FAE04EC0-301F-11D3-BF4B-00C04F79EFBC}") = "WEMP.Core", "src\WEMP.Core\WEMP.Core.csproj", "{D23E8C36-F468-4BE9-9BCB-ACDD4C405F0F}"
EndProject
Project("{FAE04EC0-301F-11D3-BF4B-00C04F79EFBC}") = "WEMP.Infrastructure", "src\WEMP.Infrastructure\WEMP.Infrastructure.csproj", "{4779C2A2-1D57-4F1E-9DED-C6DBCBB044E1}"
EndProject
Project("{FAE04EC0-301F-11D3-BF4B-00C04F79EFBC}") = "WEMP.App", "src\WEMP.App\WEMP.App.csproj", "{4DCE095D-0025-4BD9-A289-6564E3DAAC9D}"
EndProject
Project("{FAE04EC0-301F-11D3-BF4B-00C04F79EFBC}") = "WEMP.Service", "src\WEMP.Service\WEMP.Service.csproj", "{1E4982F2-7AA9-40B9-9D98-7A7C4D3EF20D}"
EndProject
Project("{FAE04EC0-301F-11D3-BF4B-00C04F79EFBC}") = "WEMP.CLI", "src\WEMP.CLI\WEMP.CLI.csproj", "{D0A91A46-0985-4ECE-85BE-EE0036F6A77B}"
EndProject
Project("{FAE04EC0-301F-11D3-BF4B-00C04F79EFBC}") = "WEMP.Optimization", "src\WEMP.Optimization\WEMP.Optimization.csproj", "{27C11FAD-4734-403B-AFEA-1546AEC4F76B}"
EndProject
Project("{FAE04EC0-301F-11D3-BF4B-00C04F79EFBC}") = "WEMP.GameMode", "src\WEMP.GameMode\WEMP.GameMode.csproj", "{92A05444-C397-4C11-B113-4C2C97A4FD09}"
EndProject
Project("{FAE04EC0-301F-11D3-BF4B-00C04F79EFBC}") = "WEMP.DevEnvironment", "src\WEMP.DevEnvironment\WEMP.DevEnvironment.csproj", "{5EA951EC-9AD2-4B3F-9364-C88DA4E0CD4A}"
EndProject
Project("{FAE04EC0-301F-11D3-BF4B-00C04F79EFBC}") = "WEMP.PackageManagement", "src\WEMP.PackageManagement\WEMP.PackageManagement.csproj", "{2322C036-92DE-4CC1-A194-2D678CAC4C69}"
EndProject
Project("{FAE04EC0-301F-11D3-BF4B-00C04F79EFBC}") = "WEMP.Backup", "src\WEMP.Backup\WEMP.Backup.csproj", "{2BA82644-E508-4893-88C3-AB044A45645F}"
EndProject
Project("{FAE04EC0-301F-11D3-BF4B-00C04F79EFBC}") = "WEMP.Logging", "src\WEMP.Logging\WEMP.Logging.csproj", "{A3AE84BD-77CF-4253-8786-229B84DEE26A}"
EndProject
Project("{2150E333-8FDC-42A3-9474-1A3956D46DE8}") = "tests", "tests", "{8454B883-116F-452D-B64F-7E16F71E027B}"
EndProject
Project("{FAE04EC0-301F-11D3-BF4B-00C04F79EFBC}") = "WEMP.Core.Tests", "tests\WEMP.Core.Tests\WEMP.Core.Tests.csproj", "{7A20CBB5-6B3A-4070-8DF3-82D29A9A9AF5}"
EndProject
Project("{FAE04EC0-301F-11D3-BF4B-00C04F79EFBC}") = "WEMP.SystemInfo", "src\WEMP.SystemInfo\WEMP.SystemInfo.csproj", "{F983E038-F10A-426C-9B11-FF55DED5EE6D}"
EndProject
Project("{FAE04EC0-301F-11D3-BF4B-00C04F79EFBC}") = "WEMP.Integration.Tests", "tests\WEMP.Integration.Tests\WEMP.Integration.Tests.csproj", "{FE7F0FA0-F062-4C86-AA21-318F80F47AC7}"
EndProject
Project("{FAE04EC0-301F-11D3-BF4B-00C04F79EFBC}") = "WEMP.Ui.Tests", "tests\WEMP.Ui.Tests\WEMP.Ui.Tests.csproj", "{D27FED07-1FC6-49D5-BD32-CF1D6493DD5C}"
EndProject
Project("{FAE04EC0-301F-11D3-BF4B-00C04F79EFBC}") = "WEMP.System.Tests", "tests\WEMP.System.Tests\WEMP.System.Tests.csproj", "{41CDEBD1-3195-4C29-B353-3FB6DC820580}"
EndProject
Global
	GlobalSection(SolutionConfigurationPlatforms) = preSolution
		Debug|Any CPU = Debug|Any CPU
		Release|Any CPU = Release|Any CPU
	EndGlobalSection
	GlobalSection(SolutionProperties) = preSolution
		HideSolutionNode = FALSE
	EndGlobalSection
	GlobalSection(ProjectConfigurationPlatforms) = postSolution
		{D23E8C36-F468-4BE9-9BCB-ACDD4C405F0F}.Debug|Any CPU.ActiveCfg = Debug|Any CPU
		{D23E8C36-F468-4BE9-9BCB-ACDD4C405F0F}.Debug|Any CPU.Build.0 = Debug|Any CPU
		{D23E8C36-F468-4BE9-9BCB-ACDD4C405F0F}.Release|Any CPU.ActiveCfg = Release|Any CPU
		{D23E8C36-F468-4BE9-9BCB-ACDD4C405F0F}.Release|Any CPU.Build.0 = Release|Any CPU
		{4779C2A2-1D57-4F1E-9DED-C6DBCBB044E1}.Debug|Any CPU.ActiveCfg = Debug|Any CPU
		{4779C2A2-1D57-4F1E-9DED-C6DBCBB044E1}.Debug|Any CPU.Build.0 = Debug|Any CPU
		{4779C2A2-1D57-4F1E-9DED-C6DBCBB044E1}.Release|Any CPU.ActiveCfg = Release|Any CPU
		{4779C2A2-1D57-4F1E-9DED-C6DBCBB044E1}.Release|Any CPU.Build.0 = Release|Any CPU
		{4DCE095D-0025-4BD9-A289-6564E3DAAC9D}.Debug|Any CPU.ActiveCfg = Debug|Any CPU
		{4DCE095D-0025-4BD9-A289-6564E3DAAC9D}.Debug|Any CPU.Build.0 = Debug|Any CPU
		{4DCE095D-0025-4BD9-A289-6564E3DAAC9D}.Release|Any CPU.ActiveCfg = Release|Any CPU
		{4DCE095D-0025-4BD9-A289-6564E3DAAC9D}.Release|Any CPU.Build.0 = Release|Any CPU
		{1E4982F2-7AA9-40B9-9D98-7A7C4D3EF20D}.Debug|Any CPU.ActiveCfg = Debug|Any CPU
		{1E4982F2-7AA9-40B9-9D98-7A7C4D3EF20D}.Debug|Any CPU.Build.0 = Debug|Any CPU
		{1E4982F2-7AA9-40B9-9D98-7A7C4D3EF20D}.Release|Any CPU.ActiveCfg = Release|Any CPU
		{1E4982F2-7AA9-40B9-9D98-7A7C4D3EF20D}.Release|Any CPU.Build.0 = Release|Any CPU
		{D0A91A46-0985-4ECE-85BE-EE0036F6A77B}.Debug|Any CPU.ActiveCfg = Debug|Any CPU
		{D0A91A46-0985-4ECE-85BE-EE0036F6A77B}.Debug|Any CPU.Build.0 = Debug|Any CPU
		{D0A91A46-0985-4ECE-85BE-EE0036F6A77B}.Release|Any CPU.ActiveCfg = Release|Any CPU
		{D0A91A46-0985-4ECE-85BE-EE0036F6A77B}.Release|Any CPU.Build.0 = Release|Any CPU
		{27C11FAD-4734-403B-AFEA-1546AEC4F76B}.Debug|Any CPU.ActiveCfg = Debug|Any CPU
		{27C11FAD-4734-403B-AFEA-1546AEC4F76B}.Debug|Any CPU.Build.0 = Debug|Any CPU
		{27C11FAD-4734-403B-AFEA-1546AEC4F76B}.Release|Any CPU.ActiveCfg = Release|Any CPU
		{27C11FAD-4734-403B-AFEA-1546AEC4F76B}.Release|Any CPU.Build.0 = Release|Any CPU
		{92A05444-C397-4C11-B113-4C2C97A4FD09}.Debug|Any CPU.ActiveCfg = Debug|Any CPU
		{92A05444-C397-4C11-B113-4C2C97A4FD09}.Debug|Any CPU.Build.0 = Debug|Any CPU
		{92A05444-C397-4C11-B113-4C2C97A4FD09}.Release|Any CPU.ActiveCfg = Release|Any CPU
		{92A05444-C397-4C11-B113-4C2C97A4FD09}.Release|Any CPU.Build.0 = Release|Any CPU
		{5EA951EC-9AD2-4B3F-9364-C88DA4E0CD4A}.Debug|Any CPU.ActiveCfg = Debug|Any CPU
		{5EA951EC-9AD2-4B3F-9364-C88DA4E0CD4A}.Debug|Any CPU.Build.0 = Debug|Any CPU
		{5EA951EC-9AD2-4B3F-9364-C88DA4E0CD4A}.Release|Any CPU.ActiveCfg = Release|Any CPU
		{5EA951EC-9AD2-4B3F-9364-C88DA4E0CD4A}.Release|Any CPU.Build.0 = Release|Any CPU
		{2322C036-92DE-4CC1-A194-2D678CAC4C69}.Debug|Any CPU.ActiveCfg = Debug|Any CPU
		{2322C036-92DE-4CC1-A194-2D678CAC4C69}.Debug|Any CPU.Build.0 = Debug|Any CPU
		{2322C036-92DE-4CC1-A194-2D678CAC4C69}.Release|Any CPU.ActiveCfg = Release|Any CPU
		{2322C036-92DE-4CC1-A194-2D678CAC4C69}.Release|Any CPU.Build.0 = Release|Any CPU
		{2BA82644-E508-4893-88C3-AB044A45645F}.Debug|Any CPU.ActiveCfg = Debug|Any CPU
		{2BA82644-E508-4893-88C3-AB044A45645F}.Debug|Any CPU.Build.0 = Debug|Any CPU
		{2BA82644-E508-4893-88C3-AB044A45645F}.Release|Any CPU.ActiveCfg = Release|Any CPU
		{2BA82644-E508-4893-88C3-AB044A45645F}.Release|Any CPU.Build.0 = Release|Any CPU
		{A3AE84BD-77CF-4253-8786-229B84DEE26A}.Debug|Any CPU.ActiveCfg = Debug|Any CPU
		{A3AE84BD-77CF-4253-8786-229B84DEE26A}.Debug|Any CPU.Build.0 = Debug|Any CPU
		{A3AE84BD-77CF-4253-8786-229B84DEE26A}.Release|Any CPU.ActiveCfg = Release|Any CPU
		{A3AE84BD-77CF-4253-8786-229B84DEE26A}.Release|Any CPU.Build.0 = Release|Any CPU
		{7A20CBB5-6B3A-4070-8DF3-82D29A9A9AF5}.Debug|Any CPU.ActiveCfg = Debug|Any CPU
		{7A20CBB5-6B3A-4070-8DF3-82D29A9A9AF5}.Debug|Any CPU.Build.0 = Debug|Any CPU
		{7A20CBB5-6B3A-4070-8DF3-82D29A9A9AF5}.Release|Any CPU.ActiveCfg = Release|Any CPU
		{7A20CBB5-6B3A-4070-8DF3-82D29A9A9AF5}.Release|Any CPU.Build.0 = Release|Any CPU
		{F983E038-F10A-426C-9B11-FF55DED5EE6D}.Debug|Any CPU.ActiveCfg = Debug|Any CPU
		{F983E038-F10A-426C-9B11-FF55DED5EE6D}.Debug|Any CPU.Build.0 = Debug|Any CPU
		{F983E038-F10A-426C-9B11-FF55DED5EE6D}.Release|Any CPU.ActiveCfg = Release|Any CPU
		{F983E038-F10A-426C-9B11-FF55DED5EE6D}.Release|Any CPU.Build.0 = Release|Any CPU
		{FE7F0FA0-F062-4C86-AA21-318F80F47AC7}.Debug|Any CPU.ActiveCfg = Debug|Any CPU
		{FE7F0FA0-F062-4C86-AA21-318F80F47AC7}.Debug|Any CPU.Build.0 = Debug|Any CPU
		{FE7F0FA0-F062-4C86-AA21-318F80F47AC7}.Release|Any CPU.ActiveCfg = Release|Any CPU
		{FE7F0FA0-F062-4C86-AA21-318F80F47AC7}.Release|Any CPU.Build.0 = Release|Any CPU
		{D27FED07-1FC6-49D5-BD32-CF1D6493DD5C}.Debug|Any CPU.ActiveCfg = Debug|Any CPU
		{D27FED07-1FC6-49D5-BD32-CF1D6493DD5C}.Debug|Any CPU.Build.0 = Debug|Any CPU
		{D27FED07-1FC6-49D5-BD32-CF1D6493DD5C}.Release|Any CPU.ActiveCfg = Release|Any CPU
		{D27FED07-1FC6-49D5-BD32-CF1D6493DD5C}.Release|Any CPU.Build.0 = Release|Any CPU
		{41CDEBD1-3195-4C29-B353-3FB6DC820580}.Debug|Any CPU.ActiveCfg = Debug|Any CPU
		{41CDEBD1-3195-4C29-B353-3FB6DC820580}.Debug|Any CPU.Build.0 = Debug|Any CPU
		{41CDEBD1-3195-4C29-B353-3FB6DC820580}.Release|Any CPU.ActiveCfg = Release|Any CPU
		{41CDEBD1-3195-4C29-B353-3FB6DC820580}.Release|Any CPU.Build.0 = Release|Any CPU
	EndGlobalSection
	GlobalSection(NestedProjects) = preSolution
		{D23E8C36-F468-4BE9-9BCB-ACDD4C405F0F} = {F8710728-6287-4F33-B89C-8CE61A348E5B}
		{4779C2A2-1D57-4F1E-9DED-C6DBCBB044E1} = {F8710728-6287-4F33-B89C-8CE61A348E5B}
		{4DCE095D-0025-4BD9-A289-6564E3DAAC9D} = {F8710728-6287-4F33-B89C-8CE61A348E5B}
		{1E4982F2-7AA9-40B9-9D98-7A7C4D3EF20D} = {F8710728-6287-4F33-B89C-8CE61A348E5B}
		{D0A91A46-0985-4ECE-85BE-EE0036F6A77B} = {F8710728-6287-4F33-B89C-8CE61A348E5B}
		{27C11FAD-4734-403B-AFEA-1546AEC4F76B} = {F8710728-6287-4F33-B89C-8CE61A348E5B}
		{92A05444-C397-4C11-B113-4C2C97A4FD09} = {F8710728-6287-4F33-B89C-8CE61A348E5B}
		{5EA951EC-9AD2-4B3F-9364-C88DA4E0CD4A} = {F8710728-6287-4F33-B89C-8CE61A348E5B}
		{2322C036-92DE-4CC1-A194-2D678CAC4C69} = {F8710728-6287-4F33-B89C-8CE61A348E5B}
		{2BA82644-E508-4893-88C3-AB044A45645F} = {F8710728-6287-4F33-B89C-8CE61A348E5B}
		{A3AE84BD-77CF-4253-8786-229B84DEE26A} = {F8710728-6287-4F33-B89C-8CE61A348E5B}
		{7A20CBB5-6B3A-4070-8DF3-82D29A9A9AF5} = {8454B883-116F-452D-B64F-7E16F71E027B}
		{F983E038-F10A-426C-9B11-FF55DED5EE6D} = {F8710728-6287-4F33-B89C-8CE61A348E5B}
		{FE7F0FA0-F062-4C86-AA21-318F80F47AC7} = {8454B883-116F-452D-B64F-7E16F71E027B}
		{D27FED07-1FC6-49D5-BD32-CF1D6493DD5C} = {8454B883-116F-452D-B64F-7E16F71E027B}
		{41CDEBD1-3195-4C29-B353-3FB6DC820580} = {8454B883-116F-452D-B64F-7E16F71E027B}
	EndGlobalSection
EndGlobal
